
Microsoft Visual Studio Solution File, Format Version 12.00
# Visual Studio Version 17
VisualStudioVersion = 17.7.34003.232
MinimumVisualStudioVersion = 10.0.40219.1
Project("{FAE04EC0-301F-11D3-BF4B-00C04F79EFBC}") = "TaxCalculator", "TaxCalculator\TaxCalculator.csproj", "{9701A401-0C05-4D71-97D7-31B758F8E929}"
EndProject
Global
	GlobalSection(SolutionConfigurationPlatforms) = preSolution
		Debug|Any CPU = Debug|Any CPU
		Release|Any CPU = Release|Any CPU
	EndGlobalSection
	GlobalSection(ProjectConfigurationPlatforms) = postSolution
		{9701A401-0C05-4D71-97D7-31B758F8E929}.Debug|Any CPU.ActiveCfg = Debug|Any CPU
		{9701A401-0C05-4D71-97D7-31B758F8E929}.Debug|Any CPU.Build.0 = Debug|Any CPU
		{9701A401-0C05-4D71-97D7-31B758F8E929}.Release|Any CPU.ActiveCfg = Release|Any CPU
		{9701A401-0C05-4D71-97D7-31B758F8E929}.Release|Any CPU.Build.0 = Release|Any CPU
	EndGlobalSection
	GlobalSection(SolutionProperties) = preSolution
		HideSolutionNode = FALSE
	EndGlobalSection
	GlobalSection(ExtensibilityGlobals) = postSolution
		SolutionGuid = {2F67398E-ED0C-4F17-877E-AD6AFDE651F9}
	EndGlobalSection
EndGlobal
